
Microsoft Visual Studio Solution File, Format Version 12.00
# Visual Studio 14
VisualStudioVersion = 14.0.25420.1
MinimumVisualStudioVersion = 10.0.40219.1
Project("{FAE04EC0-301F-11D3-BF4B-00C04F79EFBC}") = "AspNet.WebApi", "AspNet.WebApi\AspNet.WebApi.csproj", "{2D5CE141-2D7F-4315-9B20-104F3C24C885}"
EndProject
Project("{FAE04EC0-301F-11D3-BF4B-00C04F79EFBC}") = "AspNet.WebNotication", "AspNet.WebNotication\AspNet.WebNotication.csproj", "{BDE1C624-4441-41E2-88A1-2E7125DCB880}"
EndProject
Project("{FAE04EC0-301F-11D3-BF4B-00C04F79EFBC}") = "AppNet.BotApplication", "AppNet.BotApplication\AppNet.BotApplication.csproj", "{A8BA1066-5695-4D71-ABB4-65E5A5E0C3D4}"
EndProject
Project("{FAE04EC0-301F-11D3-BF4B-00C04F79EFBC}") = "AspNet.SinglePageApplication", "AspNet.SinglePageApplication\AspNet.SinglePageApplication.csproj", "{7BE42256-E720-45A2-94C3-6CF1FAE4FE52}"
EndProject
Global
	GlobalSection(SolutionConfigurationPlatforms) = preSolution
		Debug|Android = Debug|Android
		Debug|Any CPU = Debug|Any CPU
		Debug|iOS = Debug|iOS
		Debug|Windows Phone (Universal) = Debug|Windows Phone (Universal)
		Debug|Windows Phone 8 = Debug|Windows Phone 8
		Debug|Windows-AnyCPU = Debug|Windows-AnyCPU
		Debug|Windows-ARM = Debug|Windows-ARM
		Debug|Windows-x64 = Debug|Windows-x64
		Debug|Windows-x86 = Debug|Windows-x86
		Release|Android = Release|Android
		Release|Any CPU = Release|Any CPU
		Release|iOS = Release|iOS
		Release|Windows Phone (Universal) = Release|Windows Phone (Universal)
		Release|Windows Phone 8 = Release|Windows Phone 8
		Release|Windows-AnyCPU = Release|Windows-AnyCPU
		Release|Windows-ARM = Release|Windows-ARM
		Release|Windows-x64 = Release|Windows-x64
		Release|Windows-x86 = Release|Windows-x86
	EndGlobalSection
	GlobalSection(ProjectConfigurationPlatforms) = postSolution
		{2D5CE141-2D7F-4315-9B20-104F3C24C885}.Debug|Android.ActiveCfg = Debug|Any CPU
		{2D5CE141-2D7F-4315-9B20-104F3C24C885}.Debug|Android.Build.0 = Debug|Any CPU
		{2D5CE141-2D7F-4315-9B20-104F3C24C885}.Debug|Any CPU.ActiveCfg = Debug|Any CPU
		{2D5CE141-2D7F-4315-9B20-104F3C24C885}.Debug|Any CPU.Build.0 = Debug|Any CPU
		{2D5CE141-2D7F-4315-9B20-104F3C24C885}.Debug|iOS.ActiveCfg = Debug|Any CPU
		{2D5CE141-2D7F-4315-9B20-104F3C24C885}.Debug|iOS.Build.0 = Debug|Any CPU
		{2D5CE141-2D7F-4315-9B20-104F3C24C885}.Debug|Windows Phone (Universal).ActiveCfg = Debug|Any CPU
		{2D5CE141-2D7F-4315-9B20-104F3C24C885}.Debug|Windows Phone (Universal).Build.0 = Debug|Any CPU
		{2D5CE141-2D7F-4315-9B20-104F3C24C885}.Debug|Windows Phone 8.ActiveCfg = Debug|Any CPU
		{2D5CE141-2D7F-4315-9B20-104F3C24C885}.Debug|Windows Phone 8.Build.0 = Debug|Any CPU
		{2D5CE141-2D7F-4315-9B20-104F3C24C885}.Debug|Windows-AnyCPU.ActiveCfg = Debug|Any CPU
		{2D5CE141-2D7F-4315-9B20-104F3C24C885}.Debug|Windows-AnyCPU.Build.0 = Debug|Any CPU
		{2D5CE141-2D7F-4315-9B20-104F3C24C885}.Debug|Windows-ARM.ActiveCfg = Debug|Any CPU
		{2D5CE141-2D7F-4315-9B20-104F3C24C885}.Debug|Windows-ARM.Build.0 = Debug|Any CPU
		{2D5CE141-2D7F-4315-9B20-104F3C24C885}.Debug|Windows-x64.ActiveCfg = Debug|Any CPU
		{2D5CE141-2D7F-4315-9B20-104F3C24C885}.Debug|Windows-x64.Build.0 = Debug|Any CPU
		{2D5CE141-2D7F-4315-9B20-104F3C24C885}.Debug|Windows-x86.ActiveCfg = Debug|Any CPU
		{2D5CE141-2D7F-4315-9B20-104F3C24C885}.Debug|Windows-x86.Build.0 = Debug|Any CPU
		{2D5CE141-2D7F-4315-9B20-104F3C24C885}.Release|Android.ActiveCfg = Release|Any CPU
		{2D5CE141-2D7F-4315-9B20-104F3C24C885}.Release|Android.Build.0 = Release|Any CPU
		{2D5CE141-2D7F-4315-9B20-104F3C24C885}.Release|Any CPU.ActiveCfg = Release|Any CPU
		{2D5CE141-2D7F-4315-9B20-104F3C24C885}.Release|Any CPU.Build.0 = Release|Any CPU
		{2D5CE141-2D7F-4315-9B20-104F3C24C885}.Release|iOS.ActiveCfg = Release|Any CPU
		{2D5CE141-2D7F-4315-9B20-104F3C24C885}.Release|iOS.Build.0 = Release|Any CPU
		{2D5CE141-2D7F-4315-9B20-104F3C24C885}.Release|Windows Phone (Universal).ActiveCfg = Release|Any CPU
		{2D5CE141-2D7F-4315-9B20-104F3C24C885}.Release|Windows Phone (Universal).Build.0 = Release|Any CPU
		{2D5CE141-2D7F-4315-9B20-104F3C24C885}.Release|Windows Phone 8.ActiveCfg = Release|Any CPU
		{2D5CE141-2D7F-4315-9B20-104F3C24C885}.Release|Windows Phone 8.Build.0 = Release|Any CPU
		{2D5CE141-2D7F-4315-9B20-104F3C24C885}.Release|Windows-AnyCPU.ActiveCfg = Release|Any CPU
		{2D5CE141-2D7F-4315-9B20-104F3C24C885}.Release|Windows-AnyCPU.Build.0 = Release|Any CPU
		{2D5CE141-2D7F-4315-9B20-104F3C24C885}.Release|Windows-ARM.ActiveCfg = Release|Any CPU
		{2D5CE141-2D7F-4315-9B20-104F3C24C885}.Release|Windows-ARM.Build.0 = Release|Any CPU
		{2D5CE141-2D7F-4315-9B20-104F3C24C885}.Release|Windows-x64.ActiveCfg = Release|Any CPU
		{2D5CE141-2D7F-4315-9B20-104F3C24C885}.Release|Windows-x64.Build.0 = Release|Any CPU
		{2D5CE141-2D7F-4315-9B20-104F3C24C885}.Release|Windows-x86.ActiveCfg = Release|Any CPU
		{2D5CE141-2D7F-4315-9B20-104F3C24C885}.Release|Windows-x86.Build.0 = Release|Any CPU
		{BDE1C624-4441-41E2-88A1-2E7125DCB880}.Debug|Android.ActiveCfg = Debug|Any CPU
		{BDE1C624-4441-41E2-88A1-2E7125DCB880}.Debug|Android.Build.0 = Debug|Any CPU
		{BDE1C624-4441-41E2-88A1-2E7125DCB880}.Debug|Any CPU.ActiveCfg = Debug|Any CPU
		{BDE1C624-4441-41E2-88A1-2E7125DCB880}.Debug|Any CPU.Build.0 = Debug|Any CPU
		{BDE1C624-4441-41E2-88A1-2E7125DCB880}.Debug|iOS.ActiveCfg = Debug|Any CPU
		{BDE1C624-4441-41E2-88A1-2E7125DCB880}.Debug|iOS.Build.0 = Debug|Any CPU
		{BDE1C624-4441-41E2-88A1-2E7125DCB880}.Debug|Windows Phone (Universal).ActiveCfg = Debug|Any CPU
		{BDE1C624-4441-41E2-88A1-2E7125DCB880}.Debug|Windows Phone (Universal).Build.0 = Debug|Any CPU
		{BDE1C624-4441-41E2-88A1-2E7125DCB880}.Debug|Windows Phone 8.ActiveCfg = Debug|Any CPU
		{BDE1C624-4441-41E2-88A1-2E7125DCB880}.Debug|Windows Phone 8.Build.0 = Debug|Any CPU
		{BDE1C624-4441-41E2-88A1-2E7125DCB880}.Debug|Windows-AnyCPU.ActiveCfg = Debug|Any CPU
		{BDE1C624-4441-41E2-88A1-2E7125DCB880}.Debug|Windows-AnyCPU.Build.0 = Debug|Any CPU
		{BDE1C624-4441-41E2-88A1-2E7125DCB880}.Debug|Windows-ARM.ActiveCfg = Debug|Any CPU
		{BDE1C624-4441-41E2-88A1-2E7125DCB880}.Debug|Windows-ARM.Build.0 = Debug|Any CPU
		{BDE1C624-4441-41E2-88A1-2E7125DCB880}.Debug|Windows-x64.ActiveCfg = Debug|Any CPU
		{BDE1C624-4441-41E2-88A1-2E7125DCB880}.Debug|Windows-x64.Build.0 = Debug|Any CPU
		{BDE1C624-4441-41E2-88A1-2E7125DCB880}.Debug|Windows-x86.ActiveCfg = Debug|Any CPU
		{BDE1C624-4441-41E2-88A1-2E7125DCB880}.Debug|Windows-x86.Build.0 = Debug|Any CPU
		{BDE1C624-4441-41E2-88A1-2E7125DCB880}.Release|Android.ActiveCfg = Release|Any CPU
		{BDE1C624-4441-41E2-88A1-2E7125DCB880}.Release|Android.Build.0 = Release|Any CPU
		{BDE1C624-4441-41E2-88A1-2E7125DCB880}.Release|Any CPU.ActiveCfg = Release|Any CPU
		{BDE1C624-4441-41E2-88A1-2E7125DCB880}.Release|Any CPU.Build.0 = Release|Any CPU
		{BDE1C624-4441-41E2-88A1-2E7125DCB880}.Release|iOS.ActiveCfg = Release|Any CPU
		{BDE1C624-4441-41E2-88A1-2E7125DCB880}.Release|iOS.Build.0 = Release|Any CPU
		{BDE1C624-4441-41E2-88A1-2E7125DCB880}.Release|Windows Phone (Universal).ActiveCfg = Release|Any CPU
		{BDE1C624-4441-41E2-88A1-2E7125DCB880}.Release|Windows Phone (Universal).Build.0 = Release|Any CPU
		{BDE1C624-4441-41E2-88A1-2E7125DCB880}.Release|Windows Phone 8.ActiveCfg = Release|Any CPU
		{BDE1C624-4441-41E2-88A1-2E7125DCB880}.Release|Windows Phone 8.Build.0 = Release|Any CPU
		{BDE1C624-4441-41E2-88A1-2E7125DCB880}.Release|Windows-AnyCPU.ActiveCfg = Release|Any CPU
		{BDE1C624-4441-41E2-88A1-2E7125DCB880}.Release|Windows-AnyCPU.Build.0 = Release|Any CPU
		{BDE1C624-4441-41E2-88A1-2E7125DCB880}.Release|Windows-ARM.ActiveCfg = Release|Any CPU
		{BDE1C624-4441-41E2-88A1-2E7125DCB880}.Release|Windows-ARM.Build.0 = Release|Any CPU
		{BDE1C624-4441-41E2-88A1-2E7125DCB880}.Release|Windows-x64.ActiveCfg = Release|Any CPU
		{BDE1C624-4441-41E2-88A1-2E7125DCB880}.Release|Windows-x64.Build.0 = Release|Any CPU
		{BDE1C624-4441-41E2-88A1-2E7125DCB880}.Release|Windows-x86.ActiveCfg = Release|Any CPU
		{BDE1C624-4441-41E2-88A1-2E7125DCB880}.Release|Windows-x86.Build.0 = Release|Any CPU
		{A8BA1066-5695-4D71-ABB4-65E5A5E0C3D4}.Debug|Android.ActiveCfg = Debug|Any CPU
		{A8BA1066-5695-4D71-ABB4-65E5A5E0C3D4}.Debug|Android.Build.0 = Debug|Any CPU
		{A8BA1066-5695-4D71-ABB4-65E5A5E0C3D4}.Debug|Any CPU.ActiveCfg = Debug|Any CPU
		{A8BA1066-5695-4D71-ABB4-65E5A5E0C3D4}.Debug|Any CPU.Build.0 = Debug|Any CPU
		{A8BA1066-5695-4D71-ABB4-65E5A5E0C3D4}.Debug|iOS.ActiveCfg = Debug|Any CPU
		{A8BA1066-5695-4D71-ABB4-65E5A5E0C3D4}.Debug|iOS.Build.0 = Debug|Any CPU
		{A8BA1066-5695-4D71-ABB4-65E5A5E0C3D4}.Debug|Windows Phone (Universal).ActiveCfg = Debug|Any CPU
		{A8BA1066-5695-4D71-ABB4-65E5A5E0C3D4}.Debug|Windows Phone (Universal).Build.0 = Debug|Any CPU
		{A8BA1066-5695-4D71-ABB4-65E5A5E0C3D4}.Debug|Windows Phone 8.ActiveCfg = Debug|Any CPU
		{A8BA1066-5695-4D71-ABB4-65E5A5E0C3D4}.Debug|Windows Phone 8.Build.0 = Debug|Any CPU
		{A8BA1066-5695-4D71-ABB4-65E5A5E0C3D4}.Debug|Windows-AnyCPU.ActiveCfg = Debug|Any CPU
		{A8BA1066-5695-4D71-ABB4-65E5A5E0C3D4}.Debug|Windows-AnyCPU.Build.0 = Debug|Any CPU
		{A8BA1066-5695-4D71-ABB4-65E5A5E0C3D4}.Debug|Windows-ARM.ActiveCfg = Debug|Any CPU
		{A8BA1066-5695-4D71-ABB4-65E5A5E0C3D4}.Debug|Windows-ARM.Build.0 = Debug|Any CPU
		{A8BA1066-5695-4D71-ABB4-65E5A5E0C3D4}.Debug|Windows-x64.ActiveCfg = Debug|Any CPU
		{A8BA1066-5695-4D71-ABB4-65E5A5E0C3D4}.Debug|Windows-x64.Build.0 = Debug|Any CPU
		{A8BA1066-5695-4D71-ABB4-65E5A5E0C3D4}.Debug|Windows-x86.ActiveCfg = Debug|Any CPU
		{A8BA1066-5695-4D71-ABB4-65E5A5E0C3D4}.Debug|Windows-x86.Build.0 = Debug|Any CPU
		{A8BA1066-5695-4D71-ABB4-65E5A5E0C3D4}.Release|Android.ActiveCfg = Release|Any CPU
		{A8BA1066-5695-4D71-ABB4-65E5A5E0C3D4}.Release|Android.Build.0 = Release|Any CPU
		{A8BA1066-5695-4D71-ABB4-65E5A5E0C3D4}.Release|Any CPU.ActiveCfg = Release|Any CPU
		{A8BA1066-5695-4D71-ABB4-65E5A5E0C3D4}.Release|Any CPU.Build.0 = Release|Any CPU
		{A8BA1066-5695-4D71-ABB4-65E5A5E0C3D4}.Release|iOS.ActiveCfg = Release|Any CPU
		{A8BA1066-5695-4D71-ABB4-65E5A5E0C3D4}.Release|iOS.Build.0 = Release|Any CPU
		{A8BA1066-5695-4D71-ABB4-65E5A5E0C3D4}.Release|Windows Phone (Universal).ActiveCfg = Release|Any CPU
		{A8BA1066-5695-4D71-ABB4-65E5A5E0C3D4}.Release|Windows Phone (Universal).Build.0 = Release|Any CPU
		{A8BA1066-5695-4D71-ABB4-65E5A5E0C3D4}.Release|Windows Phone 8.ActiveCfg = Release|Any CPU
		{A8BA1066-5695-4D71-ABB4-65E5A5E0C3D4}.Release|Windows Phone 8.Build.0 = Release|Any CPU
		{A8BA1066-5695-4D71-ABB4-65E5A5E0C3D4}.Release|Windows-AnyCPU.ActiveCfg = Release|Any CPU
		{A8BA1066-5695-4D71-ABB4-65E5A5E0C3D4}.Release|Windows-AnyCPU.Build.0 = Release|Any CPU
		{A8BA1066-5695-4D71-ABB4-65E5A5E0C3D4}.Release|Windows-ARM.ActiveCfg = Release|Any CPU
		{A8BA1066-5695-4D71-ABB4-65E5A5E0C3D4}.Release|Windows-ARM.Build.0 = Release|Any CPU
		{A8BA1066-5695-4D71-ABB4-65E5A5E0C3D4}.Release|Windows-x64.ActiveCfg = Release|Any CPU
		{A8BA1066-5695-4D71-ABB4-65E5A5E0C3D4}.Release|Windows-x64.Build.0 = Release|Any CPU
		{A8BA1066-5695-4D71-ABB4-65E5A5E0C3D4}.Release|Windows-x86.ActiveCfg = Release|Any CPU
		{A8BA1066-5695-4D71-ABB4-65E5A5E0C3D4}.Release|Windows-x86.Build.0 = Release|Any CPU
		{7BE42256-E720-45A2-94C3-6CF1FAE4FE52}.Debug|Android.ActiveCfg = Debug|Any CPU
		{7BE42256-E720-45A2-94C3-6CF1FAE4FE52}.Debug|Android.Build.0 = Debug|Any CPU
		{7BE42256-E720-45A2-94C3-6CF1FAE4FE52}.Debug|Any CPU.ActiveCfg = Debug|Any CPU
		{7BE42256-E720-45A2-94C3-6CF1FAE4FE52}.Debug|Any CPU.Build.0 = Debug|Any CPU
		{7BE42256-E720-45A2-94C3-6CF1FAE4FE52}.Debug|iOS.ActiveCfg = Debug|Any CPU
		{7BE42256-E720-45A2-94C3-6CF1FAE4FE52}.Debug|iOS.Build.0 = Debug|Any CPU
		{7BE42256-E720-45A2-94C3-6CF1FAE4FE52}.Debug|Windows Phone (Universal).ActiveCfg = Debug|Any CPU
		{7BE42256-E720-45A2-94C3-6CF1FAE4FE52}.Debug|Windows Phone (Universal).Build.0 = Debug|Any CPU
		{7BE42256-E720-45A2-94C3-6CF1FAE4FE52}.Debug|Windows Phone 8.ActiveCfg = Debug|Any CPU
		{7BE42256-E720-45A2-94C3-6CF1FAE4FE52}.Debug|Windows Phone 8.Build.0 = Debug|Any CPU
		{7BE42256-E720-45A2-94C3-6CF1FAE4FE52}.Debug|Windows-AnyCPU.ActiveCfg = Debug|Any CPU
		{7BE42256-E720-45A2-94C3-6CF1FAE4FE52}.Debug|Windows-AnyCPU.Build.0 = Debug|Any CPU
		{7BE42256-E720-45A2-94C3-6CF1FAE4FE52}.Debug|Windows-ARM.ActiveCfg = Debug|Any CPU
		{7BE42256-E720-45A2-94C3-6CF1FAE4FE52}.Debug|Windows-ARM.Build.0 = Debug|Any CPU
		{7BE42256-E720-45A2-94C3-6CF1FAE4FE52}.Debug|Windows-x64.ActiveCfg = Debug|Any CPU
		{7BE42256-E720-45A2-94C3-6CF1FAE4FE52}.Debug|Windows-x64.Build.0 = Debug|Any CPU
		{7BE42256-E720-45A2-94C3-6CF1FAE4FE52}.Debug|Windows-x86.ActiveCfg = Debug|Any CPU
		{7BE42256-E720-45A2-94C3-6CF1FAE4FE52}.Debug|Windows-x86.Build.0 = Debug|Any CPU
		{7BE42256-E720-45A2-94C3-6CF1FAE4FE52}.Release|Android.ActiveCfg = Release|Any CPU
		{7BE42256-E720-45A2-94C3-6CF1FAE4FE52}.Release|Android.Build.0 = Release|Any CPU
		{7BE42256-E720-45A2-94C3-6CF1FAE4FE52}.Release|Any CPU.ActiveCfg = Release|Any CPU
		{7BE42256-E720-45A2-94C3-6CF1FAE4FE52}.Release|Any CPU.Build.0 = Release|Any CPU
		{7BE42256-E720-45A2-94C3-6CF1FAE4FE52}.Release|iOS.ActiveCfg = Release|Any CPU
		{7BE42256-E720-45A2-94C3-6CF1FAE4FE52}.Release|iOS.Build.0 = Release|Any CPU
		{7BE42256-E720-45A2-94C3-6CF1FAE4FE52}.Release|Windows Phone (Universal).ActiveCfg = Release|Any CPU
		{7BE42256-E720-45A2-94C3-6CF1FAE4FE52}.Release|Windows Phone (Universal).Build.0 = Release|Any CPU
		{7BE42256-E720-45A2-94C3-6CF1FAE4FE52}.Release|Windows Phone 8.ActiveCfg = Release|Any CPU
		{7BE42256-E720-45A2-94C3-6CF1FAE4FE52}.Release|Windows Phone 8.Build.0 = Release|Any CPU
		{7BE42256-E720-45A2-94C3-6CF1FAE4FE52}.Release|Windows-AnyCPU.ActiveCfg = Release|Any CPU
		{7BE42256-E720-45A2-94C3-6CF1FAE4FE52}.Release|Windows-AnyCPU.Build.0 = Release|Any CPU
		{7BE42256-E720-45A2-94C3-6CF1FAE4FE52}.Release|Windows-ARM.ActiveCfg = Release|Any CPU
		{7BE42256-E720-45A2-94C3-6CF1FAE4FE52}.Release|Windows-ARM.Build.0 = Release|Any CPU
		{7BE42256-E720-45A2-94C3-6CF1FAE4FE52}.Release|Windows-x64.ActiveCfg = Release|Any CPU
		{7BE42256-E720-45A2-94C3-6CF1FAE4FE52}.Release|Windows-x64.Build.0 = Release|Any CPU
		{7BE42256-E720-45A2-94C3-6CF1FAE4FE52}.Release|Windows-x86.ActiveCfg = Release|Any CPU
		{7BE42256-E720-45A2-94C3-6CF1FAE4FE52}.Release|Windows-x86.Build.0 = Release|Any CPU
	EndGlobalSection
	GlobalSection(SolutionProperties) = preSolution
		HideSolutionNode = FALSE
	EndGlobalSection
EndGlobal
